// !$*UTF8*$!
{
	archiveVersion = 1;
	classes = {
	};
	objectVersion = 46;
	objects = {

/* Begin PBXBuildFile section */
		C4A61A9E14BB8EE3000EAB6D /* UIKit.framework in Frameworks */ = {isa = PBXBuildFile; fileRef = C4A61A9D14BB8EE3000EAB6D /* UIKit.framework */; };
		C4A61AA014BB8EE3000EAB6D /* Foundation.framework in Frameworks */ = {isa = PBXBuildFile; fileRef = C4A61A9F14BB8EE3000EAB6D /* Foundation.framework */; };
		C4A61AA214BB8EE3000EAB6D /* CoreGraphics.framework in Frameworks */ = {isa = PBXBuildFile; fileRef = C4A61AA114BB8EE3000EAB6D /* CoreGraphics.framework */; };
		C4A61AA814BB8EE3000EAB6D /* InfoPlist.strings in Resources */ = {isa = PBXBuildFile; fileRef = C4A61AA614BB8EE3000EAB6D /* InfoPlist.strings */; };
		C4A61AAA14BB8EE3000EAB6D /* main.m in Sources */ = {isa = PBXBuildFile; fileRef = C4A61AA914BB8EE3000EAB6D /* main.m */; };
		C4A61AAE14BB8EE3000EAB6D /* AppDelegate.m in Sources */ = {isa = PBXBuildFile; fileRef = C4A61AAD14BB8EE3000EAB6D /* AppDelegate.m */; };
		C4A61AB614BB8EE3000EAB6D /* SenTestingKit.framework in Frameworks */ = {isa = PBXBuildFile; fileRef = C4A61AB514BB8EE3000EAB6D /* SenTestingKit.framework */; };
		C4A61AB714BB8EE3000EAB6D /* UIKit.framework in Frameworks */ = {isa = PBXBuildFile; fileRef = C4A61A9D14BB8EE3000EAB6D /* UIKit.framework */; };
		C4A61AB814BB8EE3000EAB6D /* Foundation.framework in Frameworks */ = {isa = PBXBuildFile; fileRef = C4A61A9F14BB8EE3000EAB6D /* Foundation.framework */; };
		C4A61AC014BB8EE3000EAB6D /* InfoPlist.strings in Resources */ = {isa = PBXBuildFile; fileRef = C4A61ABE14BB8EE3000EAB6D /* InfoPlist.strings */; };
		C4A61AC314BB8EE3000EAB6D /* RIIS_CodeMashTests.m in Sources */ = {isa = PBXBuildFile; fileRef = C4A61AC214BB8EE3000EAB6D /* RIIS_CodeMashTests.m */; };
/* End PBXBuildFile section */

/* Begin PBXContainerItemProxy section */
		C4A61AB914BB8EE3000EAB6D /* PBXContainerItemProxy */ = {
			isa = PBXContainerItemProxy;
			containerPortal = C4A61A9014BB8EE3000EAB6D /* Project object */;
			proxyType = 1;
			remoteGlobalIDString = C4A61A9814BB8EE3000EAB6D;
			remoteInfo = "RIIS-CodeMash";
		};
/* End PBXContainerItemProxy section */

/* Begin PBXFileReference section */
		C4A61A9914BB8EE3000EAB6D /* RIIS-CodeMash.app */ = {isa = PBXFileReference; explicitFileType = wrapper.application; includeInIndex = 0; path = "RIIS-CodeMash.app"; sourceTree = BUILT_PRODUCTS_DIR; };
		C4A61A9D14BB8EE3000EAB6D /* UIKit.framework */ = {isa = PBXFileReference; lastKnownFileType = wrapper.framework; name = UIKit.framework; path = System/Library/Frameworks/UIKit.framework; sourceTree = SDKROOT; };
		C4A61A9F14BB8EE3000EAB6D /* Foundation.framework */ = {isa = PBXFileReference; lastKnownFileType = wrapper.framework; name = Foundation.framework; path = System/Library/Frameworks/Foundation.framework; sourceTree = SDKROOT; };
		C4A61AA114BB8EE3000EAB6D /* CoreGraphics.framework */ = {isa = PBXFileReference; lastKnownFileType = wrapper.framework; name = CoreGraphics.framework; path = System/Library/Frameworks/CoreGraphics.framework; sourceTree = SDKROOT; };
		C4A61AA514BB8EE3000EAB6D /* RIIS-CodeMash-Info.plist */ = {isa = PBXFileReference; path = "RIIS-CodeMash-Info.plist"; sourceTree = "<group>"; };
		C4A61AA714BB8EE3000EAB6D /* en */ = {isa = PBXFileReference; lastKnownFileType = text.plist.strings; name = en; path = en.lproj/InfoPlist.strings; sourceTree = "<group>"; };
		C4A61AA914BB8EE3000EAB6D /* main.m */ = {isa = PBXFileReference; lastKnownFileType = sourcecode.c.objc; path = main.m; sourceTree = "<group>"; };
		C4A61AAB14BB8EE3000EAB6D /* RIIS-CodeMash-Prefix.pch */ = {isa = PBXFileReference; path = "RIIS-CodeMash-Prefix.pch"; sourceTree = "<group>"; };
		C4A61AAC14BB8EE3000EAB6D /* AppDelegate.h */ = {isa = PBXFileReference; path = AppDelegate.h; sourceTree = "<group>"; };
		C4A61AAD14BB8EE3000EAB6D /* AppDelegate.m */ = {isa = PBXFileReference; lastKnownFileType = sourcecode.c.objc; path = AppDelegate.m; sourceTree = "<group>"; };
		C4A61AB414BB8EE3000EAB6D /* RIIS-CodeMashTests.octest */ = {isa = PBXFileReference; explicitFileType = wrapper.cfbundle; includeInIndex = 0; path = "RIIS-CodeMashTests.octest"; sourceTree = BUILT_PRODUCTS_DIR; };
		C4A61AB514BB8EE3000EAB6D /* SenTestingKit.framework */ = {isa = PBXFileReference; lastKnownFileType = wrapper.framework; name = SenTestingKit.framework; path = Library/Frameworks/SenTestingKit.framework; sourceTree = DEVELOPER_DIR; };
		C4A61ABD14BB8EE3000EAB6D /* RIIS-CodeMashTests-Info.plist */ = {isa = PBXFileReference; path = "RIIS-CodeMashTests-Info.plist"; sourceTree = "<group>"; };
		C4A61ABF14BB8EE3000EAB6D /* en */ = {isa = PBXFileReference; lastKnownFileType = text.plist.strings; name = en; path = en.lproj/InfoPlist.strings; sourceTree = "<group>"; };
		C4A61AC114BB8EE3000EAB6D /* RIIS_CodeMashTests.h */ = {isa = PBXFileReference; path = RIIS_CodeMashTests.h; sourceTree = "<group>"; };
		C4A61AC214BB8EE3000EAB6D /* RIIS_CodeMashTests.m */ = {isa = PBXFileReference; lastKnownFileType = sourcecode.c.objc; path = RIIS_CodeMashTests.m; sourceTree = "<group>"; };
/* End PBXFileReference section */

/* Begin PBXFrameworksBuildPhase section */
		C4A61A9614BB8EE3000EAB6D /* Frameworks */ = {
			isa = PBXFrameworksBuildPhase;
			buildActionMask = 2147483647;
			files = (
				C4A61A9E14BB8EE3000EAB6D /* UIKit.framework in Frameworks */,
				C4A61AA014BB8EE3000EAB6D /* Foundation.framework in Frameworks */,
				C4A61AA214BB8EE3000EAB6D /* CoreGraphics.framework in Frameworks */,
			);
			runOnlyForDeploymentPostprocessing = 0;
		};
		C4A61AB014BB8EE3000EAB6D /* Frameworks */ = {
			isa = PBXFrameworksBuildPhase;
			buildActionMask = 2147483647;
			files = (
				C4A61AB614BB8EE3000EAB6D /* SenTestingKit.framework in Frameworks */,
				C4A61AB714BB8EE3000EAB6D /* UIKit.framework in Frameworks */,
				C4A61AB814BB8EE3000EAB6D /* Foundation.framework in Frameworks */,
			);
			runOnlyForDeploymentPostprocessing = 0;
		};
/* End PBXFrameworksBuildPhase section */

/* Begin PBXGroup section */
		C4A61A8E14BB8EE3000EAB6D = {
			isa = PBXGroup;
			children = (
				C4A61AA314BB8EE3000EAB6D /* RIIS-CodeMash */,
				C4A61ABB14BB8EE3000EAB6D /* RIIS-CodeMashTests */,
				C4A61A9C14BB8EE3000EAB6D /* Frameworks */,
				C4A61A9A14BB8EE3000EAB6D /* Products */,
			);
			sourceTree = "<group>";
		};
		C4A61A9A14BB8EE3000EAB6D /* Products */ = {
			isa = PBXGroup;
			children = (
				C4A61A9914BB8EE3000EAB6D /* RIIS-CodeMash.app */,
				C4A61AB414BB8EE3000EAB6D /* RIIS-CodeMashTests.octest */,
			);
			name = Products;
			sourceTree = "<group>";
		};
		C4A61A9C14BB8EE3000EAB6D /* Frameworks */ = {
			isa = PBXGroup;
			children = (
				C4A61A9D14BB8EE3000EAB6D /* UIKit.framework */,
				C4A61A9F14BB8EE3000EAB6D /* Foundation.framework */,
				C4A61AA114BB8EE3000EAB6D /* CoreGraphics.framework */,
				C4A61AB514BB8EE3000EAB6D /* SenTestingKit.framework */,
			);
			name = Frameworks;
			sourceTree = "<group>";
		};
		C4A61AA314BB8EE3000EAB6D /* RIIS-CodeMash */ = {
			isa = PBXGroup;
			children = (
				C4A61AAC14BB8EE3000EAB6D /* AppDelegate.h */,
				C4A61AAD14BB8EE3000EAB6D /* AppDelegate.m */,
				C4A61AA414BB8EE3000EAB6D /* Supporting Files */,
			);
			path = "RIIS-CodeMash";
			sourceTree = "<group>";
		};
		C4A61AA414BB8EE3000EAB6D /* Supporting Files */ = {
			isa = PBXGroup;
			children = (
				C4A61AA514BB8EE3000EAB6D /* RIIS-CodeMash-Info.plist */,
				C4A61AA614BB8EE3000EAB6D /* InfoPlist.strings */,
				C4A61AA914BB8EE3000EAB6D /* main.m */,
				C4A61AAB14BB8EE3000EAB6D /* RIIS-CodeMash-Prefix.pch */,
			);
			name = "Supporting Files";
			sourceTree = "<group>";
		};
		C4A61ABB14BB8EE3000EAB6D /* RIIS-CodeMashTests */ = {
			isa = PBXGroup;
			children = (
				C4A61AC114BB8EE3000EAB6D /* RIIS_CodeMashTests.h */,
				C4A61AC214BB8EE3000EAB6D /* RIIS_CodeMashTests.m */,
				C4A61ABC14BB8EE3000EAB6D /* Supporting Files */,
			);
			path = "RIIS-CodeMashTests";
			sourceTree = "<group>";
		};
		C4A61ABC14BB8EE3000EAB6D /* Supporting Files */ = {
			isa = PBXGroup;
			children = (
				C4A61ABD14BB8EE3000EAB6D /* RIIS-CodeMashTests-Info.plist */,
				C4A61ABE14BB8EE3000EAB6D /* InfoPlist.strings */,
			);
			name = "Supporting Files";
			sourceTree = "<group>";
		};
/* End PBXGroup section */

/* Begin PBXNativeTarget section */
		C4A61A9814BB8EE3000EAB6D /* RIIS-CodeMash */ = {
			isa = PBXNativeTarget;
			buildConfigurationList = C4A61AC614BB8EE3000EAB6D /* Build configuration list for PBXNativeTarget "RIIS-CodeMash" */;
			buildPhases = (
				C4A61A9514BB8EE3000EAB6D /* Sources */,
				C4A61A9614BB8EE3000EAB6D /* Frameworks */,
				C4A61A9714BB8EE3000EAB6D /* Resources */,
			);
			buildRules = (
			);
			dependencies = (
			);
			name = "RIIS-CodeMash";
			productName = "RIIS-CodeMash";
			productReference = C4A61A9914BB8EE3000EAB6D /* RIIS-CodeMash.app */;
			productType = "com.apple.product-type.application";
		};
		C4A61AB314BB8EE3000EAB6D /* RIIS-CodeMashTests */ = {
			isa = PBXNativeTarget;
			buildConfigurationList = C4A61AC914BB8EE3000EAB6D /* Build configuration list for PBXNativeTarget "RIIS-CodeMashTests" */;
			buildPhases = (
				C4A61AAF14BB8EE3000EAB6D /* Sources */,
				C4A61AB014BB8EE3000EAB6D /* Frameworks */,
				C4A61AB114BB8EE3000EAB6D /* Resources */,
				C4A61AB214BB8EE3000EAB6D /* ShellScript */,
			);
			buildRules = (
			);
			dependencies = (
				C4A61ABA14BB8EE3000EAB6D /* PBXTargetDependency */,
			);
			name = "RIIS-CodeMashTests";
			productName = "RIIS-CodeMashTests";
			productReference = C4A61AB414BB8EE3000EAB6D /* RIIS-CodeMashTests.octest */;
			productType = "com.apple.product-type.bundle";
		};
/* End PBXNativeTarget section */

/* Begin PBXProject section */
		C4A61A9014BB8EE3000EAB6D /* Project object */ = {
			isa = PBXProject;
			attributes = {
				LastUpgradeCheck = 0420;
			};
			buildConfigurationList = C4A61A9314BB8EE3000EAB6D /* Build configuration list for PBXProject "RIIS-CodeMash" */;
			compatibilityVersion = "Xcode 3.2";
			developmentRegion = English;
			hasScannedForEncodings = 0;
			knownRegions = (
				en,
			);
			mainGroup = C4A61A8E14BB8EE3000EAB6D;
			productRefGroup = C4A61A9A14BB8EE3000EAB6D /* Products */;
			projectDirPath = "";
			projectRoot = "";
			targets = (
				C4A61A9814BB8EE3000EAB6D /* RIIS-CodeMash */,
				C4A61AB314BB8EE3000EAB6D /* RIIS-CodeMashTests */,
			);
		};
/* End PBXProject section */

/* Begin PBXResourcesBuildPhase section */
		C4A61A9714BB8EE3000EAB6D /* Resources */ = {
			isa = PBXResourcesBuildPhase;
			buildActionMask = 2147483647;
			files = (
				C4A61AA814BB8EE3000EAB6D /* InfoPlist.strings in Resources */,
			);
			runOnlyForDeploymentPostprocessing = 0;
		};
		C4A61AB114BB8EE3000EAB6D /* Resources */ = {
			isa = PBXResourcesBuildPhase;
			buildActionMask = 2147483647;
			files = (
				C4A61AC014BB8EE3000EAB6D /* InfoPlist.strings in Resources */,
			);
			runOnlyForDeploymentPostprocessing = 0;
		};
/* End PBXResourcesBuildPhase section */

/* Begin PBXShellScriptBuildPhase section */
		C4A61AB214BB8EE3000EAB6D /* ShellScript */ = {
			isa = PBXShellScriptBuildPhase;
			buildActionMask = 2147483647;
			files = (
			);
			inputPaths = (
			);
			outputPaths = (
			);
			runOnlyForDeploymentPostprocessing = 0;
			shellPath = /bin/sh;
			shellScript = "# Run the unit tests in this test bundle.\n\"${SYSTEM_DEVELOPER_DIR}/Tools/RunUnitTests\"\n";
		};
/* End PBXShellScriptBuildPhase section */

/* Begin PBXSourcesBuildPhase section */
		C4A61A9514BB8EE3000EAB6D /* Sources */ = {
			isa = PBXSourcesBuildPhase;
			buildActionMask = 2147483647;
			files = (
				C4A61AAA14BB8EE3000EAB6D /* main.m in Sources */,
				C4A61AAE14BB8EE3000EAB6D /* AppDelegate.m in Sources */,
			);
			runOnlyForDeploymentPostprocessing = 0;
		};
		C4A61AAF14BB8EE3000EAB6D /* Sources */ = {
			isa = PBXSourcesBuildPhase;
			buildActionMask = 2147483647;
			files = (
				C4A61AC314BB8EE3000EAB6D /* RIIS_CodeMashTests.m in Sources */,
			);
			runOnlyForDeploymentPostprocessing = 0;
		};
/* End PBXSourcesBuildPhase section */

/* Begin PBXTargetDependency section */
		C4A61ABA14BB8EE3000EAB6D /* PBXTargetDependency */ = {
			isa = PBXTargetDependency;
			target = C4A61A9814BB8EE3000EAB6D /* RIIS-CodeMash */;
			targetProxy = C4A61AB914BB8EE3000EAB6D /* PBXContainerItemProxy */;
		};
/* End PBXTargetDependency section */

/* Begin PBXVariantGroup section */
		C4A61AA614BB8EE3000EAB6D /* InfoPlist.strings */ = {
			isa = PBXVariantGroup;
			children = (
				C4A61AA714BB8EE3000EAB6D /* en */,
			);
			name = InfoPlist.strings;
			sourceTree = "<group>";
		};
		C4A61ABE14BB8EE3000EAB6D /* InfoPlist.strings */ = {
			isa = PBXVariantGroup;
			children = (
				C4A61ABF14BB8EE3000EAB6D /* en */,
			);
			name = InfoPlist.strings;
			sourceTree = "<group>";
		};
/* End PBXVariantGroup section */

/* Begin XCBuildConfiguration section */
		C4A61AC414BB8EE3000EAB6D /* Debug */ = {
			isa = XCBuildConfiguration;
			buildSettings = {
				ALWAYS_SEARCH_USER_PATHS = NO;
				ARCHS = "$(ARCHS_STANDARD_32_BIT)";
				"CODE_SIGN_IDENTITY[sdk=iphoneos*]" = "iPhone Developer";
				COPY_PHASE_STRIP = NO;
				GCC_C_LANGUAGE_STANDARD = gnu99;
				GCC_DYNAMIC_NO_PIC = NO;
				GCC_OPTIMIZATION_LEVEL = 0;
				GCC_PREPROCESSOR_DEFINITIONS = (
					"DEBUG=1",
					"$(inherited)",
				);
				GCC_SYMBOLS_PRIVATE_EXTERN = NO;
				GCC_VERSION = com.apple.compilers.llvm.clang.1_0;
				GCC_WARN_ABOUT_MISSING_PROTOTYPES = YES;
				GCC_WARN_ABOUT_RETURN_TYPE = YES;
				GCC_WARN_UNUSED_VARIABLE = YES;
				IPHONEOS_DEPLOYMENT_TARGET = 5.0;
				SDKROOT = iphoneos;
			};
			name = Debug;
		};
		C4A61AC514BB8EE3000EAB6D /* Release */ = {
			isa = XCBuildConfiguration;
			buildSettings = {
				ALWAYS_SEARCH_USER_PATHS = NO;
				ARCHS = "$(ARCHS_STANDARD_32_BIT)";
				"CODE_SIGN_IDENTITY[sdk=iphoneos*]" = "iPhone Developer";
				COPY_PHASE_STRIP = YES;
				GCC_C_LANGUAGE_STANDARD = gnu99;
				GCC_VERSION = com.apple.compilers.llvm.clang.1_0;
				GCC_WARN_ABOUT_MISSING_PROTOTYPES = YES;
				GCC_WARN_ABOUT_RETURN_TYPE = YES;
				GCC_WARN_UNUSED_VARIABLE = YES;
				IPHONEOS_DEPLOYMENT_TARGET = 5.0;
				OTHER_CFLAGS = "-DNS_BLOCK_ASSERTIONS=1";
				SDKROOT = iphoneos;
				VALIDATE_PRODUCT = YES;
			};
			name = Release;
		};
		C4A61AC714BB8EE3000EAB6D /* Debug */ = {
			isa = XCBuildConfiguration;
			buildSettings = {
				GCC_PRECOMPILE_PREFIX_HEADER = YES;
				GCC_PREFIX_HEADER = "RIIS-CodeMash/RIIS-CodeMash-Prefix.pch";
				INFOPLIST_FILE = "RIIS-CodeMash/RIIS-CodeMash-Info.plist";
				PRODUCT_NAME = "$(TARGET_NAME)";
				WRAPPER_EXTENSION = app;
			};
			name = Debug;
		};
		C4A61AC814BB8EE3000EAB6D /* Release */ = {
			isa = XCBuildConfiguration;
			buildSettings = {
				GCC_PRECOMPILE_PREFIX_HEADER = YES;
				GCC_PREFIX_HEADER = "RIIS-CodeMash/RIIS-CodeMash-Prefix.pch";
				INFOPLIST_FILE = "RIIS-CodeMash/RIIS-CodeMash-Info.plist";
				PRODUCT_NAME = "$(TARGET_NAME)";
				WRAPPER_EXTENSION = app;
			};
			name = Release;
		};
		C4A61ACA14BB8EE3000EAB6D /* Debug */ = {
			isa = XCBuildConfiguration;
			buildSettings = {
				BUNDLE_LOADER = "$(BUILT_PRODUCTS_DIR)/RIIS-CodeMash.app/RIIS-CodeMash";
				FRAMEWORK_SEARCH_PATHS = (
					"$(SDKROOT)/Developer/Library/Frameworks",
					"$(DEVELOPER_LIBRARY_DIR)/Frameworks",
				);
				GCC_PRECOMPILE_PREFIX_HEADER = YES;
				GCC_PREFIX_HEADER = "RIIS-CodeMash/RIIS-CodeMash-Prefix.pch";
				INFOPLIST_FILE = "RIIS-CodeMashTests/RIIS-CodeMashTests-Info.plist";
				PRODUCT_NAME = "$(TARGET_NAME)";
				TEST_HOST = "$(BUNDLE_LOADER)";
				WRAPPER_EXTENSION = octest;
			};
			name = Debug;
		};
		C4A61ACB14BB8EE3000EAB6D /* Release */ = {
			isa = XCBuildConfiguration;
			buildSettings = {
				BUNDLE_LOADER = "$(BUILT_PRODUCTS_DIR)/RIIS-CodeMash.app/RIIS-CodeMash";
				FRAMEWORK_SEARCH_PATHS = (
					"$(SDKROOT)/Developer/Library/Frameworks",
					"$(DEVELOPER_LIBRARY_DIR)/Frameworks",
				);
				GCC_PRECOMPILE_PREFIX_HEADER = YES;
				GCC_PREFIX_HEADER = "RIIS-CodeMash/RIIS-CodeMash-Prefix.pch";
				INFOPLIST_FILE = "RIIS-CodeMashTests/RIIS-CodeMashTests-Info.plist";
				PRODUCT_NAME = "$(TARGET_NAME)";
				TEST_HOST = "$(BUNDLE_LOADER)";
				WRAPPER_EXTENSION = octest;
			};
			name = Release;
		};
/* End XCBuildConfiguration section */

/* Begin XCConfigurationList section */
		C4A61A9314BB8EE3000EAB6D /* Build configuration list for PBXProject "RIIS-CodeMash" */ = {
			isa = XCConfigurationList;
			buildConfigurations = (
				C4A61AC414BB8EE3000EAB6D /* Debug */,
				C4A61AC514BB8EE3000EAB6D /* Release */,
			);
			defaultConfigurationIsVisible = 0;
			defaultConfigurationName = Release;
		};
		C4A61AC614BB8EE3000EAB6D /* Build configuration list for PBXNativeTarget "RIIS-CodeMash" */ = {
			isa = XCConfigurationList;
			buildConfigurations = (
				C4A61AC714BB8EE3000EAB6D /* Debug */,
				C4A61AC814BB8EE3000EAB6D /* Release */,
			);
			defaultConfigurationIsVisible = 0;
		};
		C4A61AC914BB8EE3000EAB6D /* Build configuration list for PBXNativeTarget "RIIS-CodeMashTests" */ = {
			isa = XCConfigurationList;
			buildConfigurations = (
				C4A61ACA14BB8EE3000EAB6D /* Debug */,
				C4A61ACB14BB8EE3000EAB6D /* Release */,
			);
			defaultConfigurationIsVisible = 0;
		};
/* End XCConfigurationList section */
	};
	rootObject = C4A61A9014BB8EE3000EAB6D /* Project object */;
}
